
Microsoft Visual Studio Solution File, Format Version 12.00
Project("{FAE04EC0-301F-11D3-BF4B-00C04F79EFBC}") = "Tests", "Tests\Tests.csproj", "{2280FFCE-8E3B-43A1-8B85-164BBD49D6D8}"
EndProject
Project("{FAE04EC0-301F-11D3-BF4B-00C04F79EFBC}") = "PageObjects", "PageObjects\PageObjects.csproj", "{F72D907C-8CCA-4700-B486-B3441C32C51A}"
EndProject
Global
	GlobalSection(SolutionConfigurationPlatforms) = preSolution
		Debug|Any CPU = Debug|Any CPU
		Release|Any CPU = Release|Any CPU
	EndGlobalSection
	GlobalSection(ProjectConfigurationPlatforms) = postSolution
		{2280FFCE-8E3B-43A1-8B85-164BBD49D6D8}.Debug|Any CPU.ActiveCfg = Debug|Any CPU
		{2280FFCE-8E3B-43A1-8B85-164BBD49D6D8}.Debug|Any CPU.Build.0 = Debug|Any CPU
		{2280FFCE-8E3B-43A1-8B85-164BBD49D6D8}.Release|Any CPU.ActiveCfg = Release|Any CPU
		{2280FFCE-8E3B-43A1-8B85-164BBD49D6D8}.Release|Any CPU.Build.0 = Release|Any CPU
		{F72D907C-8CCA-4700-B486-B3441C32C51A}.Debug|Any CPU.ActiveCfg = Debug|Any CPU
		{F72D907C-8CCA-4700-B486-B3441C32C51A}.Debug|Any CPU.Build.0 = Debug|Any CPU
		{F72D907C-8CCA-4700-B486-B3441C32C51A}.Release|Any CPU.ActiveCfg = Release|Any CPU
		{F72D907C-8CCA-4700-B486-B3441C32C51A}.Release|Any CPU.Build.0 = Release|Any CPU
	EndGlobalSection
EndGlobal
